# THIS IS AN AUTOGENERATED FILE. DO NOT EDIT THIS FILE DIRECTLY.
# yarn lockfile v1


slugify@^1.5.3:
  version "1.5.3"
  resolved "https://registry.yarnpkg.com/slugify/-/slugify-1.5.3.tgz#36e009864f5476bfd5db681222643d92339c890d"
  integrity sha512-/HkjRdwPY3yHJReXu38NiusZw2+LLE2SrhkWJtmlPDB1fqFSvioYj62NkPcrKiNCgRLeGcGK7QBvr1iQwybeXw==
